dependencies:
  espressif/eppp_link:
    component_hash: c2fd9c57ac14a68a62c9d9cdeec39a2b265abc16779196ce2c9f5000c9a4dd8b
    dependencies:
    - name: idf
      require: private
      version: '>=5.2'
    - name: espressif/esp_serial_slave_link
      registry_url: https://components.espressif.com
      require: private
      version: ^1.1.0
    source:
      registry_url: https://components.espressif.com
      type: service
    version: 0.2.0
  espressif/esp-dsp:
    component_hash: fa7fe74305df6da25867437ebcd4213e047cbfc0556cf92067ab657fce537c6e
    dependencies:
    - name: idf
      require: private
      version: '>=4.2'
    source:
      registry_url: https://components.espressif.com/
      type: service
    version: 1.5.2
  espressif/esp-modbus:
    component_hash: 2168e6b4cbda4d0281a2a2d1a40a3848e231473b2690d73217e3600fd2c98c12
    dependencies:
    - name: idf
      require: private
      version: '>=4.3'
    source:
      registry_url: https://components.espressif.com/
      type: service
    version: 1.0.16
  espressif/esp_hosted:
    component_hash: e07e83e12b99a5597469225e17547a3e5b224e267dcf269782f872e1362cbf4e
    dependencies:
    - name: idf
      require: private
      version: '>=5.3'
    source:
      registry_url: https://components.espressif.com/
      type: service
    version: 0.0.25
  espressif/esp_serial_slave_link:
    component_hash: 8c534b7d4986ca0e4c41db71f559492b795ab862f1d15359d7993034696b7bcc
    dependencies:
    - name: idf
      require: private
      version: '>=5.0'
    source:
      registry_url: https://components.espressif.com
      type: service
    version: 1.1.0
  espressif/esp_wifi_remote:
    component_hash: 8ba87759d57ad61882c5db0d2e4055c8e28711ceac535c45dc166dcb0a6d397d
    dependencies:
    - name: espressif/eppp_link
      registry_url: https://components.espressif.com
      require: private
      version: '>=0.1'
    - name: idf
      require: private
      version: '>=5.3'
    - name: espressif/esp_hosted
      registry_url: https://components.espressif.com
      require: private
      rules:
      - if: target in [esp32h2, esp32p4]
      version: '>=0.0.6'
    source:
      registry_url: https://components.espressif.com/
      type: service
    version: 0.4.1
  espressif/libsodium:
    component_hash: f6e982479a2389cb6868e8fb761cf23aba6c355a8090b3e906299807775f58a3
    dependencies:
    - name: idf
      require: private
      version: '>=4.2'
    source:
      registry_url: https://components.espressif.com/
      type: service
    version: 1.0.20~1
  espressif/mdns:
    component_hash: af6306fe65d637a3683d1cf671508fcedd6b05f9ca029a8815abeab64001fb8d
    dependencies:
    - name: idf
      require: private
      version: '>=5.0'
    source:
      registry_url: https://components.espressif.com/
      type: service
    version: 1.4.0
  espressif/network_provisioning:
    component_hash: ef2e10182fd1861e68b821491916327c25416ca7ae70e5a6e43313dbc71fe993
    dependencies:
    - name: idf
      require: private
      version: '>=5.1'
    source:
      registry_url: https://components.espressif.com/
      type: service
    version: 1.0.2
  idf:
    source:
      type: idf
    version: 5.3.2
  joltwallet/littlefs:
    component_hash: 362f1f5beb5087b0c60169aff82676d2d0ffc991ead975212b0cba95959181c5
    dependencies:
    - name: idf
      require: private
      version: '>=4.3'
    source:
      registry_url: https://components.espressif.com/
      type: service
    version: 1.14.8
direct_dependencies:
- espressif/esp-dsp
- espressif/esp-modbus
- espressif/esp_hosted
- espressif/esp_wifi_remote
- espressif/libsodium
- espressif/mdns
- espressif/network_provisioning
- idf
- joltwallet/littlefs
manifest_hash: fe41e13fff64b9973b03729ff2675eaf2a633333fb6edbfc14b1a00db4f20679
target: esp32p4
version: 2.0.0
