dependencies:
  chmorgan/esp-libhelix-mp3:
    component_hash: cbb76089dc2c5749f7b470e2e70aedc44c9da519e04eb9a67d4c7ec275229e53
    dependencies:
    - name: idf
      require: private
      version: '>=4.1.0'
    source:
      registry_url: https://components.espressif.com/
      type: service
    version: 1.0.3
  espressif/esp-dsp:
    component_hash: 42dce32d46ac93dc11f60d368e29a830e9661c7345d794b8a45c343479cae636
    dependencies:
    - name: idf
      require: private
      version: '>=4.2'
    source:
      registry_url: https://components.espressif.com/
      type: service
    version: 1.7.0
  espressif/esp_h264:
    component_hash: 9ef679cf3d64c4ac1523a27fe0c2cbce3b627d3f4c99556442d6712caa5f2b31
    dependencies:
    - name: idf
      require: private
      version: '>=4.4'
    source:
      registry_url: https://components.espressif.com/
      type: service
    targets:
    - esp32s3
    - esp32p4
    version: 1.1.3
  espressif/esp_hosted:
    component_hash: 22b4d101d7757ae67826f9f6be19efcdad66a95071271e6559a705964652883c
    dependencies:
    - name: idf
      require: private
      version: '>=5.3'
    source:
      registry_url: https://components.espressif.com/
      type: service
    version: 2.3.2
  espressif/mdns:
    component_hash: 3ec0af5f6bce310512e90f482388d21cc7c0e99668172d2f895356165fc6f7c5
    dependencies:
    - name: idf
      require: private
      version: '>=5.0'
    source:
      registry_url: https://components.espressif.com/
      type: service
    version: 1.8.2
  espressif/usb_host_msc:
    component_hash: efbf44743b0f1f1f808697a671064531ae4661ccbce84632637261f8f670b375
    dependencies:
    - name: idf
      require: private
      version: '>=4.4.1'
    source:
      registry_url: https://components.espressif.com/
      type: service
    targets:
    - esp32s2
    - esp32s3
    - esp32p4
    version: 1.1.3
  idf:
    source:
      type: idf
    version: 5.5.1
  joltwallet/littlefs:
    component_hash: 8e12955f47e27e6070b76715a96d6c75fc2b44f069e8c33679332d9bdd3120c4
    dependencies:
    - name: idf
      require: private
      version: '>=5.0'
    source:
      registry_url: https://components.espressif.com/
      type: service
    version: 1.20.1
direct_dependencies:
- chmorgan/esp-libhelix-mp3
- espressif/esp-dsp
- espressif/esp_h264
- espressif/esp_hosted
- espressif/mdns
- espressif/usb_host_msc
- idf
- joltwallet/littlefs
manifest_hash: 3327c75c6091ec70d3e738f998ef1175f74ca222f557fc349631b87f130e7cae
target: esp32p4
version: 2.0.0
